// !$*UTF8*$!
{
	archiveVersion = 1;
	classes = {
	};
	objectVersion = 46;
	objects = {

/* Begin PBXBuildFile section */
		CB56FF2D1F672AC900BFAC9C /* AppDelegate.swift in Sources */ = {isa = PBXBuildFile; fileRef = CB56FF2C1F672AC900BFAC9C /* AppDelegate.swift */; };
		CB56FF2F1F672AC900BFAC9C /* ViewController.swift in Sources */ = {isa = PBXBuildFile; fileRef = CB56FF2E1F672AC900BFAC9C /* ViewController.swift */; };
		CB56FF321F672AC900BFAC9C /* Main.storyboard in Resources */ = {isa = PBXBuildFile; fileRef = CB56FF301F672AC900BFAC9C /* Main.storyboard */; };
		CB56FF341F672AC900BFAC9C /* Assets.xcassets in Resources */ = {isa = PBXBuildFile; fileRef = CB56FF331F672AC900BFAC9C /* Assets.xcassets */; };
		CB56FF371F672AC900BFAC9C /* LaunchScreen.storyboard in Resources */ = {isa = PBXBuildFile; fileRef = CB56FF351F672AC900BFAC9C /* LaunchScreen.storyboard */; };
		CB56FF421F672AC900BFAC9C /* devslopes_socialTests.swift in Sources */ = {isa = PBXBuildFile; fileRef = CB56FF411F672AC900BFAC9C /* devslopes_socialTests.swift */; };
		CB56FF4D1F672AC900BFAC9C /* devslopes_socialUITests.swift in Sources */ = {isa = PBXBuildFile; fileRef = CB56FF4C1F672AC900BFAC9C /* devslopes_socialUITests.swift */; };
/* End PBXBuildFile section */

/* Begin PBXContainerItemProxy section */
		CB56FF3E1F672AC900BFAC9C /* PBXContainerItemProxy */ = {
			isa = PBXContainerItemProxy;
			containerPortal = CB56FF211F672AC900BFAC9C /* Project object */;
			proxyType = 1;
			remoteGlobalIDString = CB56FF281F672AC900BFAC9C;
			remoteInfo = "devslopes-social";
		};
		CB56FF491F672AC900BFAC9C /* PBXContainerItemProxy */ = {
			isa = PBXContainerItemProxy;
			containerPortal = CB56FF211F672AC900BFAC9C /* Project object */;
			proxyType = 1;
			remoteGlobalIDString = CB56FF281F672AC900BFAC9C;
			remoteInfo = "devslopes-social";
		};
/* End PBXContainerItemProxy section */

/* Begin PBXFileReference section */
		CB56FF291F672AC900BFAC9C /* devslopes-social.app */ = {isa = PBXFileReference; explicitFileType = wrapper.application; includeInIndex = 0; path = "devslopes-social.app"; sourceTree = BUILT_PRODUCTS_DIR; };
		CB56FF2C1F672AC900BFAC9C /* AppDelegate.swift */ = {isa = PBXFileReference; lastKnownFileType = sourcecode.swift; path = AppDelegate.swift; sourceTree = "<group>"; };
		CB56FF2E1F672AC900BFAC9C /* ViewController.swift */ = {isa = PBXFileReference; lastKnownFileType = sourcecode.swift; path = ViewController.swift; sourceTree = "<group>"; };
		CB56FF311F672AC900BFAC9C /* Base */ = {isa = PBXFileReference; lastKnownFileType = file.storyboard; name = Base; path = Base.lproj/Main.storyboard; sourceTree = "<group>"; };
		CB56FF331F672AC900BFAC9C /* Assets.xcassets */ = {isa = PBXFileReference; lastKnownFileType = folder.assetcatalog; path = Assets.xcassets; sourceTree = "<group>"; };
		CB56FF361F672AC900BFAC9C /* Base */ = {isa = PBXFileReference; lastKnownFileType = file.storyboard; name = Base; path = Base.lproj/LaunchScreen.storyboard; sourceTree = "<group>"; };
		CB56FF381F672AC900BFAC9C /* Info.plist */ = {isa = PBXFileReference; lastKnownFileType = text.plist.xml; path = Info.plist; sourceTree = "<group>"; };
		CB56FF3D1F672AC900BFAC9C /* devslopes-socialTests.xctest */ = {isa = PBXFileReference; explicitFileType = wrapper.cfbundle; includeInIndex = 0; path = "devslopes-socialTests.xctest"; sourceTree = BUILT_PRODUCTS_DIR; };
		CB56FF411F672AC900BFAC9C /* devslopes_socialTests.swift */ = {isa = PBXFileReference; lastKnownFileType = sourcecode.swift; path = devslopes_socialTests.swift; sourceTree = "<group>"; };
		CB56FF431F672AC900BFAC9C /* Info.plist */ = {isa = PBXFileReference; lastKnownFileType = text.plist.xml; path = Info.plist; sourceTree = "<group>"; };
		CB56FF481F672AC900BFAC9C /* devslopes-socialUITests.xctest */ = {isa = PBXFileReference; explicitFileType = wrapper.cfbundle; includeInIndex = 0; path = "devslopes-socialUITests.xctest"; sourceTree = BUILT_PRODUCTS_DIR; };
		CB56FF4C1F672AC900BFAC9C /* devslopes_socialUITests.swift */ = {isa = PBXFileReference; lastKnownFileType = sourcecode.swift; path = devslopes_socialUITests.swift; sourceTree = "<group>"; };
		CB56FF4E1F672AC900BFAC9C /* Info.plist */ = {isa = PBXFileReference; lastKnownFileType = text.plist.xml; path = Info.plist; sourceTree = "<group>"; };
/* End PBXFileReference section */

/* Begin PBXFrameworksBuildPhase section */
		CB56FF261F672AC900BFAC9C /* Frameworks */ = {
			isa = PBXFrameworksBuildPhase;
			buildActionMask = 2147483647;
			files = (
			);
			runOnlyForDeploymentPostprocessing = 0;
		};
		CB56FF3A1F672AC900BFAC9C /* Frameworks */ = {
			isa = PBXFrameworksBuildPhase;
			buildActionMask = 2147483647;
			files = (
			);
			runOnlyForDeploymentPostprocessing = 0;
		};
		CB56FF451F672AC900BFAC9C /* Frameworks */ = {
			isa = PBXFrameworksBuildPhase;
			buildActionMask = 2147483647;
			files = (
			);
			runOnlyForDeploymentPostprocessing = 0;
		};
/* End PBXFrameworksBuildPhase section */

/* Begin PBXGroup section */
		CB56FF201F672AC900BFAC9C = {
			isa = PBXGroup;
			children = (
				CB56FF2B1F672AC900BFAC9C /* devslopes-social */,
				CB56FF401F672AC900BFAC9C /* devslopes-socialTests */,
				CB56FF4B1F672AC900BFAC9C /* devslopes-socialUITests */,
				CB56FF2A1F672AC900BFAC9C /* Products */,
			);
			sourceTree = "<group>";
		};
		CB56FF2A1F672AC900BFAC9C /* Products */ = {
			isa = PBXGroup;
			children = (
				CB56FF291F672AC900BFAC9C /* devslopes-social.app */,
				CB56FF3D1F672AC900BFAC9C /* devslopes-socialTests.xctest */,
				CB56FF481F672AC900BFAC9C /* devslopes-socialUITests.xctest */,
			);
			name = Products;
			sourceTree = "<group>";
		};
		CB56FF2B1F672AC900BFAC9C /* devslopes-social */ = {
			isa = PBXGroup;
			children = (
				CB56FF2C1F672AC900BFAC9C /* AppDelegate.swift */,
				CB56FF2E1F672AC900BFAC9C /* ViewController.swift */,
				CB56FF301F672AC900BFAC9C /* Main.storyboard */,
				CB56FF331F672AC900BFAC9C /* Assets.xcassets */,
				CB56FF351F672AC900BFAC9C /* LaunchScreen.storyboard */,
				CB56FF381F672AC900BFAC9C /* Info.plist */,
			);
			path = "devslopes-social";
			sourceTree = "<group>";
		};
		CB56FF401F672AC900BFAC9C /* devslopes-socialTests */ = {
			isa = PBXGroup;
			children = (
				CB56FF411F672AC900BFAC9C /* devslopes_socialTests.swift */,
				CB56FF431F672AC900BFAC9C /* Info.plist */,
			);
			path = "devslopes-socialTests";
			sourceTree = "<group>";
		};
		CB56FF4B1F672AC900BFAC9C /* devslopes-socialUITests */ = {
			isa = PBXGroup;
			children = (
				CB56FF4C1F672AC900BFAC9C /* devslopes_socialUITests.swift */,
				CB56FF4E1F672AC900BFAC9C /* Info.plist */,
			);
			path = "devslopes-socialUITests";
			sourceTree = "<group>";
		};
/* End PBXGroup section */

/* Begin PBXNativeTarget section */
		CB56FF281F672AC900BFAC9C /* devslopes-social */ = {
			isa = PBXNativeTarget;
			buildConfigurationList = CB56FF511F672AC900BFAC9C /* Build configuration list for PBXNativeTarget "devslopes-social" */;
			buildPhases = (
				CB56FF251F672AC900BFAC9C /* Sources */,
				CB56FF261F672AC900BFAC9C /* Frameworks */,
				CB56FF271F672AC900BFAC9C /* Resources */,
			);
			buildRules = (
			);
			dependencies = (
			);
			name = "devslopes-social";
			productName = "devslopes-social";
			productReference = CB56FF291F672AC900BFAC9C /* devslopes-social.app */;
			productType = "com.apple.product-type.application";
		};
		CB56FF3C1F672AC900BFAC9C /* devslopes-socialTests */ = {
			isa = PBXNativeTarget;
			buildConfigurationList = CB56FF541F672AC900BFAC9C /* Build configuration list for PBXNativeTarget "devslopes-socialTests" */;
			buildPhases = (
				CB56FF391F672AC900BFAC9C /* Sources */,
				CB56FF3A1F672AC900BFAC9C /* Frameworks */,
				CB56FF3B1F672AC900BFAC9C /* Resources */,
			);
			buildRules = (
			);
			dependencies = (
				CB56FF3F1F672AC900BFAC9C /* PBXTargetDependency */,
			);
			name = "devslopes-socialTests";
			productName = "devslopes-socialTests";
			productReference = CB56FF3D1F672AC900BFAC9C /* devslopes-socialTests.xctest */;
			productType = "com.apple.product-type.bundle.unit-test";
		};
		CB56FF471F672AC900BFAC9C /* devslopes-socialUITests */ = {
			isa = PBXNativeTarget;
			buildConfigurationList = CB56FF571F672AC900BFAC9C /* Build configuration list for PBXNativeTarget "devslopes-socialUITests" */;
			buildPhases = (
				CB56FF441F672AC900BFAC9C /* Sources */,
				CB56FF451F672AC900BFAC9C /* Frameworks */,
				CB56FF461F672AC900BFAC9C /* Resources */,
			);
			buildRules = (
			);
			dependencies = (
				CB56FF4A1F672AC900BFAC9C /* PBXTargetDependency */,
			);
			name = "devslopes-socialUITests";
			productName = "devslopes-socialUITests";
			productReference = CB56FF481F672AC900BFAC9C /* devslopes-socialUITests.xctest */;
			productType = "com.apple.product-type.bundle.ui-testing";
		};
/* End PBXNativeTarget section */

/* Begin PBXProject section */
		CB56FF211F672AC900BFAC9C /* Project object */ = {
			isa = PBXProject;
			attributes = {
				LastSwiftUpdateCheck = 0830;
				LastUpgradeCheck = 0830;
				ORGANIZATIONNAME = "Joe Rozek";
				TargetAttributes = {
					CB56FF281F672AC900BFAC9C = {
						CreatedOnToolsVersion = 8.3.2;
						DevelopmentTeam = DSN7EZABA7;
						ProvisioningStyle = Automatic;
					};
					CB56FF3C1F672AC900BFAC9C = {
						CreatedOnToolsVersion = 8.3.2;
						DevelopmentTeam = DSN7EZABA7;
						ProvisioningStyle = Automatic;
						TestTargetID = CB56FF281F672AC900BFAC9C;
					};
					CB56FF471F672AC900BFAC9C = {
						CreatedOnToolsVersion = 8.3.2;
						DevelopmentTeam = DSN7EZABA7;
						ProvisioningStyle = Automatic;
						TestTargetID = CB56FF281F672AC900BFAC9C;
					};
				};
			};
			buildConfigurationList = CB56FF241F672AC900BFAC9C /* Build configuration list for PBXProject "devslopes-social" */;
			compatibilityVersion = "Xcode 3.2";
			developmentRegion = English;
			hasScannedForEncodings = 0;
			knownRegions = (
				en,
				Base,
			);
			mainGroup = CB56FF201F672AC900BFAC9C;
			productRefGroup = CB56FF2A1F672AC900BFAC9C /* Products */;
			projectDirPath = "";
			projectRoot = "";
			targets = (
				CB56FF281F672AC900BFAC9C /* devslopes-social */,
				CB56FF3C1F672AC900BFAC9C /* devslopes-socialTests */,
				CB56FF471F672AC900BFAC9C /* devslopes-socialUITests */,
			);
		};
/* End PBXProject section */

/* Begin PBXResourcesBuildPhase section */
		CB56FF271F672AC900BFAC9C /* Resources */ = {
			isa = PBXResourcesBuildPhase;
			buildActionMask = 2147483647;
			files = (
				CB56FF371F672AC900BFAC9C /* LaunchScreen.storyboard in Resources */,
				CB56FF341F672AC900BFAC9C /* Assets.xcassets in Resources */,
				CB56FF321F672AC900BFAC9C /* Main.storyboard in Resources */,
			);
			runOnlyForDeploymentPostprocessing = 0;
		};
		CB56FF3B1F672AC900BFAC9C /* Resources */ = {
			isa = PBXResourcesBuildPhase;
			buildActionMask = 2147483647;
			files = (
			);
			runOnlyForDeploymentPostprocessing = 0;
		};
		CB56FF461F672AC900BFAC9C /* Resources */ = {
			isa = PBXResourcesBuildPhase;
			buildActionMask = 2147483647;
			files = (
			);
			runOnlyForDeploymentPostprocessing = 0;
		};
/* End PBXResourcesBuildPhase section */

/* Begin PBXSourcesBuildPhase section */
		CB56FF251F672AC900BFAC9C /* Sources */ = {
			isa = PBXSourcesBuildPhase;
			buildActionMask = 2147483647;
			files = (
				CB56FF2F1F672AC900BFAC9C /* ViewController.swift in Sources */,
				CB56FF2D1F672AC900BFAC9C /* AppDelegate.swift in Sources */,
			);
			runOnlyForDeploymentPostprocessing = 0;
		};
		CB56FF391F672AC900BFAC9C /* Sources */ = {
			isa = PBXSourcesBuildPhase;
			buildActionMask = 2147483647;
			files = (
				CB56FF421F672AC900BFAC9C /* devslopes_socialTests.swift in Sources */,
			);
			runOnlyForDeploymentPostprocessing = 0;
		};
		CB56FF441F672AC900BFAC9C /* Sources */ = {
			isa = PBXSourcesBuildPhase;
			buildActionMask = 2147483647;
			files = (
				CB56FF4D1F672AC900BFAC9C /* devslopes_socialUITests.swift in Sources */,
			);
			runOnlyForDeploymentPostprocessing = 0;
		};
/* End PBXSourcesBuildPhase section */

/* Begin PBXTargetDependency section */
		CB56FF3F1F672AC900BFAC9C /* PBXTargetDependency */ = {
			isa = PBXTargetDependency;
			target = CB56FF281F672AC900BFAC9C /* devslopes-social */;
			targetProxy = CB56FF3E1F672AC900BFAC9C /* PBXContainerItemProxy */;
		};
		CB56FF4A1F672AC900BFAC9C /* PBXTargetDependency */ = {
			isa = PBXTargetDependency;
			target = CB56FF281F672AC900BFAC9C /* devslopes-social */;
			targetProxy = CB56FF491F672AC900BFAC9C /* PBXContainerItemProxy */;
		};
/* End PBXTargetDependency section */

/* Begin PBXVariantGroup section */
		CB56FF301F672AC900BFAC9C /* Main.storyboard */ = {
			isa = PBXVariantGroup;
			children = (
				CB56FF311F672AC900BFAC9C /* Base */,
			);
			name = Main.storyboard;
			sourceTree = "<group>";
		};
		CB56FF351F672AC900BFAC9C /* LaunchScreen.storyboard */ = {
			isa = PBXVariantGroup;
			children = (
				CB56FF361F672AC900BFAC9C /* Base */,
			);
			name = LaunchScreen.storyboard;
			sourceTree = "<group>";
		};
/* End PBXVariantGroup section */

/* Begin XCBuildConfiguration section */
		CB56FF4F1F672AC900BFAC9C /* Debug */ = {
			isa = XCBuildConfiguration;
			buildSettings = {
				ALWAYS_SEARCH_USER_PATHS = NO;
				CLANG_ANALYZER_NONNULL = YES;
				CLANG_ANALYZER_NUMBER_OBJECT_CONVERSION = YES_AGGRESSIVE;
				CLANG_CXX_LANGUAGE_STANDARD = "gnu++0x";
				CLANG_CXX_LIBRARY = "libc++";
				CLANG_ENABLE_MODULES = YES;
				CLANG_ENABLE_OBJC_ARC = YES;
				CLANG_WARN_BOOL_CONVERSION = YES;
				CLANG_WARN_CONSTANT_CONVERSION = YES;
				CLANG_WARN_DIRECT_OBJC_ISA_USAGE = YES_ERROR;
				CLANG_WARN_DOCUMENTATION_COMMENTS = YES;
				CLANG_WARN_EMPTY_BODY = YES;
				CLANG_WARN_ENUM_CONVERSION = YES;
				CLANG_WARN_INFINITE_RECURSION = YES;
				CLANG_WARN_INT_CONVERSION = YES;
				CLANG_WARN_OBJC_ROOT_CLASS = YES_ERROR;
				CLANG_WARN_SUSPICIOUS_MOVE = YES;
				CLANG_WARN_UNREACHABLE_CODE = YES;
				CLANG_WARN__DUPLICATE_METHOD_MATCH = YES;
				"CODE_SIGN_IDENTITY[sdk=iphoneos*]" = "iPhone Developer";
				COPY_PHASE_STRIP = NO;
				DEBUG_INFORMATION_FORMAT = dwarf;
				ENABLE_STRICT_OBJC_MSGSEND = YES;
				ENABLE_TESTABILITY = YES;
				GCC_C_LANGUAGE_STANDARD = gnu99;
				GCC_DYNAMIC_NO_PIC = NO;
				GCC_NO_COMMON_BLOCKS = YES;
				GCC_OPTIMIZATION_LEVEL = 0;
				GCC_PREPROCESSOR_DEFINITIONS = (
					"DEBUG=1",
					"$(inherited)",
				);
				GCC_WARN_64_TO_32_BIT_CONVERSION = YES;
				GCC_WARN_ABOUT_RETURN_TYPE = YES_ERROR;
				GCC_WARN_UNDECLARED_SELECTOR = YES;
				GCC_WARN_UNINITIALIZED_AUTOS = YES_AGGRESSIVE;
				GCC_WARN_UNUSED_FUNCTION = YES;
				GCC_WARN_UNUSED_VARIABLE = YES;
				IPHONEOS_DEPLOYMENT_TARGET = 10.3;
				MTL_ENABLE_DEBUG_INFO = YES;
				ONLY_ACTIVE_ARCH = YES;
				SDKROOT = iphoneos;
				SWIFT_ACTIVE_COMPILATION_CONDITIONS = DEBUG;
				SWIFT_OPTIMIZATION_LEVEL = "-Onone";
				TARGETED_DEVICE_FAMILY = "1,2";
			};
			name = Debug;
		};
		CB56FF501F672AC900BFAC9C /* Release */ = {
			isa = XCBuildConfiguration;
			buildSettings = {
				ALWAYS_SEARCH_USER_PATHS = NO;
				CLANG_ANALYZER_NONNULL = YES;
				CLANG_ANALYZER_NUMBER_OBJECT_CONVERSION = YES_AGGRESSIVE;
				CLANG_CXX_LANGUAGE_STANDARD = "gnu++0x";
				CLANG_CXX_LIBRARY = "libc++";
				CLANG_ENABLE_MODULES = YES;
				CLANG_ENABLE_OBJC_ARC = YES;
				CLANG_WARN_BOOL_CONVERSION = YES;
				CLANG_WARN_CONSTANT_CONVERSION = YES;
				CLANG_WARN_DIRECT_OBJC_ISA_USAGE = YES_ERROR;
				CLANG_WARN_DOCUMENTATION_COMMENTS = YES;
				CLANG_WARN_EMPTY_BODY = YES;
				CLANG_WARN_ENUM_CONVERSION = YES;
				CLANG_WARN_INFINITE_RECURSION = YES;
				CLANG_WARN_INT_CONVERSION = YES;
				CLANG_WARN_OBJC_ROOT_CLASS = YES_ERROR;
				CLANG_WARN_SUSPICIOUS_MOVE = YES;
				CLANG_WARN_UNREACHABLE_CODE = YES;
				CLANG_WARN__DUPLICATE_METHOD_MATCH = YES;
				"CODE_SIGN_IDENTITY[sdk=iphoneos*]" = "iPhone Developer";
				COPY_PHASE_STRIP = NO;
				DEBUG_INFORMATION_FORMAT = "dwarf-with-dsym";
				ENABLE_NS_ASSERTIONS = NO;
				ENABLE_STRICT_OBJC_MSGSEND = YES;
				GCC_C_LANGUAGE_STANDARD = gnu99;
				GCC_NO_COMMON_BLOCKS = YES;
				GCC_WARN_64_TO_32_BIT_CONVERSION = YES;
				GCC_WARN_ABOUT_RETURN_TYPE = YES_ERROR;
				GCC_WARN_UNDECLARED_SELECTOR = YES;
				GCC_WARN_UNINITIALIZED_AUTOS = YES_AGGRESSIVE;
				GCC_WARN_UNUSED_FUNCTION = YES;
				GCC_WARN_UNUSED_VARIABLE = YES;
				IPHONEOS_DEPLOYMENT_TARGET = 10.3;
				MTL_ENABLE_DEBUG_INFO = NO;
				SDKROOT = iphoneos;
				SWIFT_OPTIMIZATION_LEVEL = "-Owholemodule";
				TARGETED_DEVICE_FAMILY = "1,2";
				VALIDATE_PRODUCT = YES;
			};
			name = Release;
		};
		CB56FF521F672AC900BFAC9C /* Debug */ = {
			isa = XCBuildConfiguration;
			buildSettings = {
				ASSETCATALOG_COMPILER_APPICON_NAME = AppIcon;
				DEVELOPMENT_TEAM = DSN7EZABA7;
				INFOPLIST_FILE = "devslopes-social/Info.plist";
				LD_RUNPATH_SEARCH_PATHS = "$(inherited) @executable_path/Frameworks";
				PRODUCT_BUNDLE_IDENTIFIER = "com.joerozek.devslopes-social";
				PRODUCT_NAME = "$(TARGET_NAME)";
				SWIFT_VERSION = 3.0;
			};
			name = Debug;
		};
		CB56FF531F672AC900BFAC9C /* Release */ = {
			isa = XCBuildConfiguration;
			buildSettings = {
				ASSETCATALOG_COMPILER_APPICON_NAME = AppIcon;
				DEVELOPMENT_TEAM = DSN7EZABA7;
				INFOPLIST_FILE = "devslopes-social/Info.plist";
				LD_RUNPATH_SEARCH_PATHS = "$(inherited) @executable_path/Frameworks";
				PRODUCT_BUNDLE_IDENTIFIER = "com.joerozek.devslopes-social";
				PRODUCT_NAME = "$(TARGET_NAME)";
				SWIFT_VERSION = 3.0;
			};
			name = Release;
		};
		CB56FF551F672AC900BFAC9C /* Debug */ = {
			isa = XCBuildConfiguration;
			buildSettings = {
				ALWAYS_EMBED_SWIFT_STANDARD_LIBRARIES = YES;
				BUNDLE_LOADER = "$(TEST_HOST)";
				DEVELOPMENT_TEAM = DSN7EZABA7;
				INFOPLIST_FILE = "devslopes-socialTests/Info.plist";
				LD_RUNPATH_SEARCH_PATHS = "$(inherited) @executable_path/Frameworks @loader_path/Frameworks";
				PRODUCT_BUNDLE_IDENTIFIER = "com.joerozek.devslopes-socialTests";
				PRODUCT_NAME = "$(TARGET_NAME)";
				SWIFT_VERSION = 3.0;
				TEST_HOST = "$(BUILT_PRODUCTS_DIR)/devslopes-social.app/devslopes-social";
			};
			name = Debug;
		};
		CB56FF561F672AC900BFAC9C /* Release */ = {
			isa = XCBuildConfiguration;
			buildSettings = {
				ALWAYS_EMBED_SWIFT_STANDARD_LIBRARIES = YES;
				BUNDLE_LOADER = "$(TEST_HOST)";
				DEVELOPMENT_TEAM = DSN7EZABA7;
				INFOPLIST_FILE = "devslopes-socialTests/Info.plist";
				LD_RUNPATH_SEARCH_PATHS = "$(inherited) @executable_path/Frameworks @loader_path/Frameworks";
				PRODUCT_BUNDLE_IDENTIFIER = "com.joerozek.devslopes-socialTests";
				PRODUCT_NAME = "$(TARGET_NAME)";
				SWIFT_VERSION = 3.0;
				TEST_HOST = "$(BUILT_PRODUCTS_DIR)/devslopes-social.app/devslopes-social";
			};
			name = Release;
		};
		CB56FF581F672AC900BFAC9C /* Debug */ = {
			isa = XCBuildConfiguration;
			buildSettings = {
				ALWAYS_EMBED_SWIFT_STANDARD_LIBRARIES = YES;
				DEVELOPMENT_TEAM = DSN7EZABA7;
				INFOPLIST_FILE = "devslopes-socialUITests/Info.plist";
				LD_RUNPATH_SEARCH_PATHS = "$(inherited) @executable_path/Frameworks @loader_path/Frameworks";
				PRODUCT_BUNDLE_IDENTIFIER = "com.joerozek.devslopes-socialUITests";
				PRODUCT_NAME = "$(TARGET_NAME)";
				SWIFT_VERSION = 3.0;
				TEST_TARGET_NAME = "devslopes-social";
			};
			name = Debug;
		};
		CB56FF591F672AC900BFAC9C /* Release */ = {
			isa = XCBuildConfiguration;
			buildSettings = {
				ALWAYS_EMBED_SWIFT_STANDARD_LIBRARIES = YES;
				DEVELOPMENT_TEAM = DSN7EZABA7;
				INFOPLIST_FILE = "devslopes-socialUITests/Info.plist";
				LD_RUNPATH_SEARCH_PATHS = "$(inherited) @executable_path/Frameworks @loader_path/Frameworks";
				PRODUCT_BUNDLE_IDENTIFIER = "com.joerozek.devslopes-socialUITests";
				PRODUCT_NAME = "$(TARGET_NAME)";
				SWIFT_VERSION = 3.0;
				TEST_TARGET_NAME = "devslopes-social";
			};
			name = Release;
		};
/* End XCBuildConfiguration section */

/* Begin XCConfigurationList section */
		CB56FF241F672AC900BFAC9C /* Build configuration list for PBXProject "devslopes-social" */ = {
			isa = XCConfigurationList;
			buildConfigurations = (
				CB56FF4F1F672AC900BFAC9C /* Debug */,
				CB56FF501F672AC900BFAC9C /* Release */,
			);
			defaultConfigurationIsVisible = 0;
			defaultConfigurationName = Release;
		};
		CB56FF511F672AC900BFAC9C /* Build configuration list for PBXNativeTarget "devslopes-social" */ = {
			isa = XCConfigurationList;
			buildConfigurations = (
				CB56FF521F672AC900BFAC9C /* Debug */,
				CB56FF531F672AC900BFAC9C /* Release */,
			);
			defaultConfigurationIsVisible = 0;
		};
		CB56FF541F672AC900BFAC9C /* Build configuration list for PBXNativeTarget "devslopes-socialTests" */ = {
			isa = XCConfigurationList;
			buildConfigurations = (
				CB56FF551F672AC900BFAC9C /* Debug */,
				CB56FF561F672AC900BFAC9C /* Release */,
			);
			defaultConfigurationIsVisible = 0;
		};
		CB56FF571F672AC900BFAC9C /* Build configuration list for PBXNativeTarget "devslopes-socialUITests" */ = {
			isa = XCConfigurationList;
			buildConfigurations = (
				CB56FF581F672AC900BFAC9C /* Debug */,
				CB56FF591F672AC900BFAC9C /* Release */,
			);
			defaultConfigurationIsVisible = 0;
		};
/* End XCConfigurationList section */
	};
	rootObject = CB56FF211F672AC900BFAC9C /* Project object */;
}
